
Microsoft Visual Studio Solution File, Format Version 12.00
# Visual Studio Version 17
VisualStudioVersion = 17.0.31903.59
MinimumVisualStudioVersion = 10.0.40219.1
Project("{FAE04EC0-301F-11D3-BF4B-00C04F79EFBC}") = "Lab7", "Lab7\Lab7.csproj", "{F7A0C2F5-7F37-438A-8CDB-1BA063BD4FDE}"
EndProject
Global
	GlobalSection(SolutionConfigurationPlatforms) = preSolution
		Debug|Any CPU = Debug|Any CPU
		Release|Any CPU = Release|Any CPU
	EndGlobalSection
	GlobalSection(SolutionProperties) = preSolution
		HideSolutionNode = FALSE
	EndGlobalSection
	GlobalSection(ProjectConfigurationPlatforms) = postSolution
		{F7A0C2F5-7F37-438A-8CDB-1BA063BD4FDE}.Debug|Any CPU.ActiveCfg = Debug|Any CPU
		{F7A0C2F5-7F37-438A-8CDB-1BA063BD4FDE}.Debug|Any CPU.Build.0 = Debug|Any CPU
		{F7A0C2F5-7F37-438A-8CDB-1BA063BD4FDE}.Release|Any CPU.ActiveCfg = Release|Any CPU
		{F7A0C2F5-7F37-438A-8CDB-1BA063BD4FDE}.Release|Any CPU.Build.0 = Release|Any CPU
	EndGlobalSection
EndGlobal
